
Microsoft Visual Studio Solution File, Format Version 12.00
# Visual Studio Version 17
VisualStudioVersion = 17.9.34607.119
MinimumVisualStudioVersion = 10.0.40219.1
Project("{FAE04EC0-301F-11D3-BF4B-00C04F79EFBC}") = "EstructuraDecision", "EstructuraDecision\EstructuraDecision.csproj", "{3B74F4E7-2345-4241-8E73-F522428F406B}"
EndProject
Global
	GlobalSection(SolutionConfigurationPlatforms) = preSolution
		Debug|Any CPU = Debug|Any CPU
		Release|Any CPU = Release|Any CPU
	EndGlobalSection
	GlobalSection(ProjectConfigurationPlatforms) = postSolution
		{3B74F4E7-2345-4241-8E73-F522428F406B}.Debug|Any CPU.ActiveCfg = Debug|Any CPU
		{3B74F4E7-2345-4241-8E73-F522428F406B}.Debug|Any CPU.Build.0 = Debug|Any CPU
		{3B74F4E7-2345-4241-8E73-F522428F406B}.Release|Any CPU.ActiveCfg = Release|Any CPU
		{3B74F4E7-2345-4241-8E73-F522428F406B}.Release|Any CPU.Build.0 = Release|Any CPU
	EndGlobalSection
	GlobalSection(SolutionProperties) = preSolution
		HideSolutionNode = FALSE
	EndGlobalSection
	GlobalSection(ExtensibilityGlobals) = postSolution
		SolutionGuid = {C7A31563-F2E4-4CC2-88B9-5159452206AC}
	EndGlobalSection
EndGlobal
